
Microsoft Visual Studio Solution File, Format Version 12.00
# Visual Studio Version 16
VisualStudioVersion = 16.0.29409.12
MinimumVisualStudioVersion = 10.0.40219.1
Project("{FAE04EC0-301F-11D3-BF4B-00C04F79EFBC}") = "filesys", "filesys\filesys.csproj", "{65E3B5A5-2D07-4395-ACD3-4F06D127FF6F}"
EndProject
Global
	GlobalSection(SolutionConfigurationPlatforms) = preSolution
		Debug|Any CPU = Debug|Any CPU
		Release|Any CPU = Release|Any CPU
	EndGlobalSection
	GlobalSection(ProjectConfigurationPlatforms) = postSolution
		{65E3B5A5-2D07-4395-ACD3-4F06D127FF6F}.Debug|Any CPU.ActiveCfg = Debug|Any CPU
		{65E3B5A5-2D07-4395-ACD3-4F06D127FF6F}.Debug|Any CPU.Build.0 = Debug|Any CPU
		{65E3B5A5-2D07-4395-ACD3-4F06D127FF6F}.Release|Any CPU.ActiveCfg = Release|Any CPU
		{65E3B5A5-2D07-4395-ACD3-4F06D127FF6F}.Release|Any CPU.Build.0 = Release|Any CPU
	EndGlobalSection
	GlobalSection(SolutionProperties) = preSolution
		HideSolutionNode = FALSE
	EndGlobalSection
	GlobalSection(ExtensibilityGlobals) = postSolution
		SolutionGuid = {0973381D-797D-40B6-956F-EAAC55DAFA06}
	EndGlobalSection
EndGlobal
